
Microsoft Visual Studio Solution File, Format Version 12.00
# Visual Studio Version 16
VisualStudioVersion = 16.0.31205.134
MinimumVisualStudioVersion = 10.0.40219.1
Project("{FAE04EC0-301F-11D3-BF4B-00C04F79EFBC}") = "backend", "backend.csproj", "{AEEB39F6-BC27-4D2B-BC74-6A3329E67834}"
EndProject
Global
	GlobalSection(SolutionConfigurationPlatforms) = preSolution
		Debug|Any CPU = Debug|Any CPU
		Release|Any CPU = Release|Any CPU
	EndGlobalSection
	GlobalSection(ProjectConfigurationPlatforms) = postSolution
		{AEEB39F6-BC27-4D2B-BC74-6A3329E67834}.Debug|Any CPU.ActiveCfg = Debug|Any CPU
		{AEEB39F6-BC27-4D2B-BC74-6A3329E67834}.Debug|Any CPU.Build.0 = Debug|Any CPU
		{AEEB39F6-BC27-4D2B-BC74-6A3329E67834}.Release|Any CPU.ActiveCfg = Release|Any CPU
		{AEEB39F6-BC27-4D2B-BC74-6A3329E67834}.Release|Any CPU.Build.0 = Release|Any CPU
	EndGlobalSection
	GlobalSection(SolutionProperties) = preSolution
		HideSolutionNode = FALSE
	EndGlobalSection
	GlobalSection(ExtensibilityGlobals) = postSolution
		SolutionGuid = {D0632FEC-28AE-4906-A441-BC22258CE0CF}
	EndGlobalSection
EndGlobal
